
Microsoft Visual Studio Solution File, Format Version 12.00
# Visual Studio Version 17
VisualStudioVersion = 17.7.34202.233
MinimumVisualStudioVersion = 10.0.40219.1
Project("{FAE04EC0-301F-11D3-BF4B-00C04F79EFBC}") = "Original", "Original\Original.csproj", "{4C59E477-10FE-427E-AF50-57639A92631A}"
EndProject
Global
	GlobalSection(SolutionConfigurationPlatforms) = preSolution
		Debug|Any CPU = Debug|Any CPU
		Release|Any CPU = Release|Any CPU
	EndGlobalSection
	GlobalSection(ProjectConfigurationPlatforms) = postSolution
		{4C59E477-10FE-427E-AF50-57639A92631A}.Debug|Any CPU.ActiveCfg = Debug|Any CPU
		{4C59E477-10FE-427E-AF50-57639A92631A}.Debug|Any CPU.Build.0 = Debug|Any CPU
		{4C59E477-10FE-427E-AF50-57639A92631A}.Release|Any CPU.ActiveCfg = Release|Any CPU
		{4C59E477-10FE-427E-AF50-57639A92631A}.Release|Any CPU.Build.0 = Release|Any CPU
	EndGlobalSection
	GlobalSection(SolutionProperties) = preSolution
		HideSolutionNode = FALSE
	EndGlobalSection
	GlobalSection(ExtensibilityGlobals) = postSolution
		SolutionGuid = {316DFD1B-651E-4D47-9528-C599E35F9AD8}
	EndGlobalSection
EndGlobal
